
Microsoft Visual Studio Solution File, Format Version 12.00
# Visual Studio 15
VisualStudioVersion = 15.0.28307.705
MinimumVisualStudioVersion = 10.0.40219.1
Project("{FAE04EC0-301F-11D3-BF4B-00C04F79EFBC}") = "WpfLerning", "WpfLerning\WpfLerning.csproj", "{FA3E1E0B-8471-4D1F-897A-AFE6FE880BA0}"
EndProject
Global
	GlobalSection(SolutionConfigurationPlatforms) = preSolution
		Debug|Any CPU = Debug|Any CPU
		Release|Any CPU = Release|Any CPU
	EndGlobalSection
	GlobalSection(ProjectConfigurationPlatforms) = postSolution
		{FA3E1E0B-8471-4D1F-897A-AFE6FE880BA0}.Debug|Any CPU.ActiveCfg = Debug|Any CPU
		{FA3E1E0B-8471-4D1F-897A-AFE6FE880BA0}.Debug|Any CPU.Build.0 = Debug|Any CPU
		{FA3E1E0B-8471-4D1F-897A-AFE6FE880BA0}.Release|Any CPU.ActiveCfg = Release|Any CPU
		{FA3E1E0B-8471-4D1F-897A-AFE6FE880BA0}.Release|Any CPU.Build.0 = Release|Any CPU
	EndGlobalSection
	GlobalSection(SolutionProperties) = preSolution
		HideSolutionNode = FALSE
	EndGlobalSection
	GlobalSection(ExtensibilityGlobals) = postSolution
		SolutionGuid = {2A05C8A5-4FCF-47A9-BEA7-3B4801EC50EE}
	EndGlobalSection
EndGlobal
